
Microsoft Visual Studio Solution File, Format Version 12.00
# Visual Studio Version 16
VisualStudioVersion = 16.0.31205.134
MinimumVisualStudioVersion = 10.0.40219.1
Project("{9A19103F-16F7-4668-BE54-9A1E7A4F7556}") = "PKIM.LinkedList", "PKIM.LinkedList\PKIM.LinkedList.csproj", "{BDDE537A-FD34-4D85-8FE1-465264B8069B}"
EndProject
Project("{9A19103F-16F7-4668-BE54-9A1E7A4F7556}") = "PKIM.BinarySearch", "PKIM.BinarySearch\PKIM.BinarySearch.csproj", "{93AFDF64-0F71-4FC4-AE7C-9A4A57D011FB}"
EndProject
Project("{9A19103F-16F7-4668-BE54-9A1E7A4F7556}") = "PKIM.Test", "PKIM.Test\PKIM.Test.csproj", "{FBACC21D-0010-4011-94AE-14A9467E496A}"
EndProject
Project("{9A19103F-16F7-4668-BE54-9A1E7A4F7556}") = "PKIM.Extensions", "PKIM.Extensions\PKIM.Extensions.csproj", "{8D3D3A16-9530-40BC-9DEC-B64B6F22299B}"
EndProject
Project("{9A19103F-16F7-4668-BE54-9A1E7A4F7556}") = "PKIM.DynamicConnectivity", "PKIM.DynamicConnectivity\PKIM.DynamicConnectivity.csproj", "{67F2AF14-DEE2-4880-954D-192CECF0D00F}"
EndProject
Project("{FAE04EC0-301F-11D3-BF4B-00C04F79EFBC}") = "PKIM.PercolationVisualizer", "PKIM.PercolationVisualizer\PKIM.PercolationVisualizer.csproj", "{133211F9-7DA4-4FB2-94DF-1E29C4E17741}"
EndProject
Global
	GlobalSection(SolutionConfigurationPlatforms) = preSolution
		Debug|Any CPU = Debug|Any CPU
		Release|Any CPU = Release|Any CPU
	EndGlobalSection
	GlobalSection(ProjectConfigurationPlatforms) = postSolution
		{BDDE537A-FD34-4D85-8FE1-465264B8069B}.Debug|Any CPU.ActiveCfg = Debug|Any CPU
		{BDDE537A-FD34-4D85-8FE1-465264B8069B}.Debug|Any CPU.Build.0 = Debug|Any CPU
		{BDDE537A-FD34-4D85-8FE1-465264B8069B}.Release|Any CPU.ActiveCfg = Release|Any CPU
		{BDDE537A-FD34-4D85-8FE1-465264B8069B}.Release|Any CPU.Build.0 = Release|Any CPU
		{93AFDF64-0F71-4FC4-AE7C-9A4A57D011FB}.Debug|Any CPU.ActiveCfg = Debug|Any CPU
		{93AFDF64-0F71-4FC4-AE7C-9A4A57D011FB}.Debug|Any CPU.Build.0 = Debug|Any CPU
		{93AFDF64-0F71-4FC4-AE7C-9A4A57D011FB}.Release|Any CPU.ActiveCfg = Release|Any CPU
		{93AFDF64-0F71-4FC4-AE7C-9A4A57D011FB}.Release|Any CPU.Build.0 = Release|Any CPU
		{FBACC21D-0010-4011-94AE-14A9467E496A}.Debug|Any CPU.ActiveCfg = Debug|Any CPU
		{FBACC21D-0010-4011-94AE-14A9467E496A}.Debug|Any CPU.Build.0 = Debug|Any CPU
		{FBACC21D-0010-4011-94AE-14A9467E496A}.Release|Any CPU.ActiveCfg = Release|Any CPU
		{FBACC21D-0010-4011-94AE-14A9467E496A}.Release|Any CPU.Build.0 = Release|Any CPU
		{8D3D3A16-9530-40BC-9DEC-B64B6F22299B}.Debug|Any CPU.ActiveCfg = Debug|Any CPU
		{8D3D3A16-9530-40BC-9DEC-B64B6F22299B}.Debug|Any CPU.Build.0 = Debug|Any CPU
		{8D3D3A16-9530-40BC-9DEC-B64B6F22299B}.Release|Any CPU.ActiveCfg = Release|Any CPU
		{8D3D3A16-9530-40BC-9DEC-B64B6F22299B}.Release|Any CPU.Build.0 = Release|Any CPU
		{67F2AF14-DEE2-4880-954D-192CECF0D00F}.Debug|Any CPU.ActiveCfg = Debug|Any CPU
		{67F2AF14-DEE2-4880-954D-192CECF0D00F}.Debug|Any CPU.Build.0 = Debug|Any CPU
		{67F2AF14-DEE2-4880-954D-192CECF0D00F}.Release|Any CPU.ActiveCfg = Release|Any CPU
		{67F2AF14-DEE2-4880-954D-192CECF0D00F}.Release|Any CPU.Build.0 = Release|Any CPU
		{133211F9-7DA4-4FB2-94DF-1E29C4E17741}.Debug|Any CPU.ActiveCfg = Debug|Any CPU
		{133211F9-7DA4-4FB2-94DF-1E29C4E17741}.Debug|Any CPU.Build.0 = Debug|Any CPU
		{133211F9-7DA4-4FB2-94DF-1E29C4E17741}.Release|Any CPU.ActiveCfg = Release|Any CPU
		{133211F9-7DA4-4FB2-94DF-1E29C4E17741}.Release|Any CPU.Build.0 = Release|Any CPU
	EndGlobalSection
	GlobalSection(SolutionProperties) = preSolution
		HideSolutionNode = FALSE
	EndGlobalSection
	GlobalSection(ExtensibilityGlobals) = postSolution
		SolutionGuid = {A4A636A0-C1ED-49B7-B9B9-D680193B20F2}
	EndGlobalSection
EndGlobal
